
Microsoft Visual Studio Solution File, Format Version 12.00
# Visual Studio Version 17
VisualStudioVersion = 17.5.33627.172
MinimumVisualStudioVersion = 10.0.40219.1
Project("{9A19103F-16F7-4668-BE54-9A1E7A4F7556}") = "MVP", "MVP.csproj", "{1A0A2301-3B4A-4508-A54A-660C0A186EBB}"
EndProject
Global
	GlobalSection(SolutionConfigurationPlatforms) = preSolution
		Debug|Any CPU = Debug|Any CPU
		Release|Any CPU = Release|Any CPU
	EndGlobalSection
	GlobalSection(ProjectConfigurationPlatforms) = postSolution
		{1A0A2301-3B4A-4508-A54A-660C0A186EBB}.Debug|Any CPU.ActiveCfg = Debug|Any CPU
		{1A0A2301-3B4A-4508-A54A-660C0A186EBB}.Debug|Any CPU.Build.0 = Debug|Any CPU
		{1A0A2301-3B4A-4508-A54A-660C0A186EBB}.Release|Any CPU.ActiveCfg = Release|Any CPU
		{1A0A2301-3B4A-4508-A54A-660C0A186EBB}.Release|Any CPU.Build.0 = Release|Any CPU
	EndGlobalSection
	GlobalSection(SolutionProperties) = preSolution
		HideSolutionNode = FALSE
	EndGlobalSection
	GlobalSection(ExtensibilityGlobals) = postSolution
		SolutionGuid = {7E89B2AF-6E7E-486B-AF18-9C723C571981}
	EndGlobalSection
EndGlobal
